
Microsoft Visual Studio Solution File, Format Version 12.00
# Visual Studio Version 17
VisualStudioVersion = 17.0.31903.59
MinimumVisualStudioVersion = 10.0.40219.1
Project("{2150E333-8FDC-42A3-9474-1A3956D46DE8}") = "src", "src", "{7BBBF30A-6ACD-4D94-B179-68D3CE7F10D0}"
EndProject
Project("{2150E333-8FDC-42A3-9474-1A3956D46DE8}") = "tests", "tests", "{E45046DB-A52A-4092-ACF2-232946561EE6}"
EndProject
Project("{FAE04EC0-301F-11D3-BF4B-00C04F79EFBC}") = "RoadToApi", "src\Api\RoadToApi.csproj", "{7BEF78BE-0CFA-4F1D-ADD8-A6496CC53EF5}"
EndProject
Project("{FAE04EC0-301F-11D3-BF4B-00C04F79EFBC}") = "Utils", "src\Utils\Utils.csproj", "{EEC134A7-6D48-450F-B0D9-D3111B4B4B83}"
EndProject
Project("{FAE04EC0-301F-11D3-BF4B-00C04F79EFBC}") = "Infrastructure", "src\Infrastructure\Infrastructure.csproj", "{5E6015CB-AD4E-492F-9A46-3B28CBD3CB28}"
EndProject
Project("{FAE04EC0-301F-11D3-BF4B-00C04F79EFBC}") = "Application", "src\Application\Application.csproj", "{E2F2F2D7-AF9F-4513-9BF5-AC7CAAFB2C42}"
EndProject
Project("{FAE04EC0-301F-11D3-BF4B-00C04F79EFBC}") = "Domain", "src\Domain\Domain.csproj", "{A2ECD7E2-7E6C-4C9D-8866-CFDF88D2008B}"
EndProject
Project("{2150E333-8FDC-42A3-9474-1A3956D46DE8}") = "Unit", "Unit", "{19FE2C44-8FE8-41A3-9BFA-4723AB0B977E}"
EndProject
Project("{FAE04EC0-301F-11D3-BF4B-00C04F79EFBC}") = "Application.UnitTests", "tests\UnitTests\Application\Application.UnitTests.csproj", "{7EFCCAA0-7CE8-4AE1-A329-27F7A819C57B}"
EndProject
Global
	GlobalSection(SolutionConfigurationPlatforms) = preSolution
		Debug|Any CPU = Debug|Any CPU
		Release|Any CPU = Release|Any CPU
	EndGlobalSection
	GlobalSection(SolutionProperties) = preSolution
		HideSolutionNode = FALSE
	EndGlobalSection
	GlobalSection(ProjectConfigurationPlatforms) = postSolution
		{7BEF78BE-0CFA-4F1D-ADD8-A6496CC53EF5}.Debug|Any CPU.ActiveCfg = Debug|Any CPU
		{7BEF78BE-0CFA-4F1D-ADD8-A6496CC53EF5}.Debug|Any CPU.Build.0 = Debug|Any CPU
		{7BEF78BE-0CFA-4F1D-ADD8-A6496CC53EF5}.Release|Any CPU.ActiveCfg = Release|Any CPU
		{7BEF78BE-0CFA-4F1D-ADD8-A6496CC53EF5}.Release|Any CPU.Build.0 = Release|Any CPU
		{EEC134A7-6D48-450F-B0D9-D3111B4B4B83}.Debug|Any CPU.ActiveCfg = Debug|Any CPU
		{EEC134A7-6D48-450F-B0D9-D3111B4B4B83}.Debug|Any CPU.Build.0 = Debug|Any CPU
		{EEC134A7-6D48-450F-B0D9-D3111B4B4B83}.Release|Any CPU.ActiveCfg = Release|Any CPU
		{EEC134A7-6D48-450F-B0D9-D3111B4B4B83}.Release|Any CPU.Build.0 = Release|Any CPU
		{5E6015CB-AD4E-492F-9A46-3B28CBD3CB28}.Debug|Any CPU.ActiveCfg = Debug|Any CPU
		{5E6015CB-AD4E-492F-9A46-3B28CBD3CB28}.Debug|Any CPU.Build.0 = Debug|Any CPU
		{5E6015CB-AD4E-492F-9A46-3B28CBD3CB28}.Release|Any CPU.ActiveCfg = Release|Any CPU
		{5E6015CB-AD4E-492F-9A46-3B28CBD3CB28}.Release|Any CPU.Build.0 = Release|Any CPU
		{E2F2F2D7-AF9F-4513-9BF5-AC7CAAFB2C42}.Debug|Any CPU.ActiveCfg = Debug|Any CPU
		{E2F2F2D7-AF9F-4513-9BF5-AC7CAAFB2C42}.Debug|Any CPU.Build.0 = Debug|Any CPU
		{E2F2F2D7-AF9F-4513-9BF5-AC7CAAFB2C42}.Release|Any CPU.ActiveCfg = Release|Any CPU
		{E2F2F2D7-AF9F-4513-9BF5-AC7CAAFB2C42}.Release|Any CPU.Build.0 = Release|Any CPU
		{A2ECD7E2-7E6C-4C9D-8866-CFDF88D2008B}.Debug|Any CPU.ActiveCfg = Debug|Any CPU
		{A2ECD7E2-7E6C-4C9D-8866-CFDF88D2008B}.Debug|Any CPU.Build.0 = Debug|Any CPU
		{A2ECD7E2-7E6C-4C9D-8866-CFDF88D2008B}.Release|Any CPU.ActiveCfg = Release|Any CPU
		{A2ECD7E2-7E6C-4C9D-8866-CFDF88D2008B}.Release|Any CPU.Build.0 = Release|Any CPU
		{7EFCCAA0-7CE8-4AE1-A329-27F7A819C57B}.Debug|Any CPU.ActiveCfg = Debug|Any CPU
		{7EFCCAA0-7CE8-4AE1-A329-27F7A819C57B}.Debug|Any CPU.Build.0 = Debug|Any CPU
		{7EFCCAA0-7CE8-4AE1-A329-27F7A819C57B}.Release|Any CPU.ActiveCfg = Release|Any CPU
		{7EFCCAA0-7CE8-4AE1-A329-27F7A819C57B}.Release|Any CPU.Build.0 = Release|Any CPU
	EndGlobalSection
	GlobalSection(NestedProjects) = preSolution
		{7BEF78BE-0CFA-4F1D-ADD8-A6496CC53EF5} = {7BBBF30A-6ACD-4D94-B179-68D3CE7F10D0}
		{EEC134A7-6D48-450F-B0D9-D3111B4B4B83} = {7BBBF30A-6ACD-4D94-B179-68D3CE7F10D0}
		{5E6015CB-AD4E-492F-9A46-3B28CBD3CB28} = {7BBBF30A-6ACD-4D94-B179-68D3CE7F10D0}
		{E2F2F2D7-AF9F-4513-9BF5-AC7CAAFB2C42} = {7BBBF30A-6ACD-4D94-B179-68D3CE7F10D0}
		{A2ECD7E2-7E6C-4C9D-8866-CFDF88D2008B} = {7BBBF30A-6ACD-4D94-B179-68D3CE7F10D0}
		{19FE2C44-8FE8-41A3-9BFA-4723AB0B977E} = {E45046DB-A52A-4092-ACF2-232946561EE6}
		{7EFCCAA0-7CE8-4AE1-A329-27F7A819C57B} = {19FE2C44-8FE8-41A3-9BFA-4723AB0B977E}
	EndGlobalSection
EndGlobal
